
Microsoft Visual Studio Solution File, Format Version 12.00
# Visual Studio 15
VisualStudioVersion = 15.0.27130.2036
MinimumVisualStudioVersion = 10.0.40219.1
Project("{FAE04EC0-301F-11D3-BF4B-00C04F79EFBC}") = "LunchService", "LunchService\LunchService.csproj", "{92363E1B-D99D-4F8A-80C6-53E38B18B03E}"
EndProject
Project("{E53339B2-1760-4266-BCC7-CA923CBCF16C}") = "docker-compose", "docker-compose.dcproj", "{50D629BD-7CE6-4967-8CC9-3D223F9CA0A8}"
EndProject
Global
	GlobalSection(SolutionConfigurationPlatforms) = preSolution
		Debug|Any CPU = Debug|Any CPU
		Release|Any CPU = Release|Any CPU
	EndGlobalSection
	GlobalSection(ProjectConfigurationPlatforms) = postSolution
		{92363E1B-D99D-4F8A-80C6-53E38B18B03E}.Debug|Any CPU.ActiveCfg = Debug|Any CPU
		{92363E1B-D99D-4F8A-80C6-53E38B18B03E}.Debug|Any CPU.Build.0 = Debug|Any CPU
		{92363E1B-D99D-4F8A-80C6-53E38B18B03E}.Release|Any CPU.ActiveCfg = Release|Any CPU
		{92363E1B-D99D-4F8A-80C6-53E38B18B03E}.Release|Any CPU.Build.0 = Release|Any CPU
		{50D629BD-7CE6-4967-8CC9-3D223F9CA0A8}.Debug|Any CPU.ActiveCfg = Debug|Any CPU
		{50D629BD-7CE6-4967-8CC9-3D223F9CA0A8}.Debug|Any CPU.Build.0 = Debug|Any CPU
		{50D629BD-7CE6-4967-8CC9-3D223F9CA0A8}.Release|Any CPU.ActiveCfg = Release|Any CPU
		{50D629BD-7CE6-4967-8CC9-3D223F9CA0A8}.Release|Any CPU.Build.0 = Release|Any CPU
	EndGlobalSection
	GlobalSection(SolutionProperties) = preSolution
		HideSolutionNode = FALSE
	EndGlobalSection
	GlobalSection(ExtensibilityGlobals) = postSolution
		SolutionGuid = {D243DC39-0AB8-4400-AC43-69EBFB463319}
	EndGlobalSection
EndGlobal
